
Microsoft Visual Studio Solution File, Format Version 12.00
# Visual Studio Version 17
VisualStudioVersion = 17.9.34622.214
MinimumVisualStudioVersion = 10.0.40219.1
Project("{FAE04EC0-301F-11D3-BF4B-00C04F79EFBC}") = "CompanyEmployees", "CompanyEmployees\CompanyEmployees.csproj", "{003F8077-6B90-4381-BB3E-C3D72EC1E466}"
EndProject
Global
	GlobalSection(SolutionConfigurationPlatforms) = preSolution
		Debug|Any CPU = Debug|Any CPU
		Release|Any CPU = Release|Any CPU
	EndGlobalSection
	GlobalSection(ProjectConfigurationPlatforms) = postSolution
		{003F8077-6B90-4381-BB3E-C3D72EC1E466}.Debug|Any CPU.ActiveCfg = Debug|Any CPU
		{003F8077-6B90-4381-BB3E-C3D72EC1E466}.Debug|Any CPU.Build.0 = Debug|Any CPU
		{003F8077-6B90-4381-BB3E-C3D72EC1E466}.Release|Any CPU.ActiveCfg = Release|Any CPU
		{003F8077-6B90-4381-BB3E-C3D72EC1E466}.Release|Any CPU.Build.0 = Release|Any CPU
	EndGlobalSection
	GlobalSection(SolutionProperties) = preSolution
		HideSolutionNode = FALSE
	EndGlobalSection
	GlobalSection(ExtensibilityGlobals) = postSolution
		SolutionGuid = {7981D9C1-DD9D-4BF4-9B62-08F38EC59E63}
	EndGlobalSection
EndGlobal
